
Microsoft Visual Studio Solution File, Format Version 12.00
# Visual Studio Version 16
VisualStudioVersion = 16.0.31515.178
MinimumVisualStudioVersion = 10.0.40219.1
Project("{FAE04EC0-301F-11D3-BF4B-00C04F79EFBC}") = "NeuralNetwork", "NeuralNetwork.csproj", "{01417E05-D590-48C0-9A9F-D597466EE59A}"
EndProject
Project("{FAE04EC0-301F-11D3-BF4B-00C04F79EFBC}") = "NeuralNetworkTests", "..\NeuralNetworkTests\NeuralNetworkTests.csproj", "{66C396BD-CBA3-44E7-B620-1721B07B9787}"
EndProject
Global
	GlobalSection(SolutionConfigurationPlatforms) = preSolution
		Debug|Any CPU = Debug|Any CPU
		Release|Any CPU = Release|Any CPU
	EndGlobalSection
	GlobalSection(ProjectConfigurationPlatforms) = postSolution
		{01417E05-D590-48C0-9A9F-D597466EE59A}.Debug|Any CPU.ActiveCfg = Debug|Any CPU
		{01417E05-D590-48C0-9A9F-D597466EE59A}.Debug|Any CPU.Build.0 = Debug|Any CPU
		{01417E05-D590-48C0-9A9F-D597466EE59A}.Release|Any CPU.ActiveCfg = Release|Any CPU
		{01417E05-D590-48C0-9A9F-D597466EE59A}.Release|Any CPU.Build.0 = Release|Any CPU
		{66C396BD-CBA3-44E7-B620-1721B07B9787}.Debug|Any CPU.ActiveCfg = Debug|Any CPU
		{66C396BD-CBA3-44E7-B620-1721B07B9787}.Debug|Any CPU.Build.0 = Debug|Any CPU
		{66C396BD-CBA3-44E7-B620-1721B07B9787}.Release|Any CPU.ActiveCfg = Release|Any CPU
		{66C396BD-CBA3-44E7-B620-1721B07B9787}.Release|Any CPU.Build.0 = Release|Any CPU
	EndGlobalSection
	GlobalSection(SolutionProperties) = preSolution
		HideSolutionNode = FALSE
	EndGlobalSection
	GlobalSection(ExtensibilityGlobals) = postSolution
		SolutionGuid = {E3CC0C8A-CCD0-470D-A859-EC6B0E0BD241}
	EndGlobalSection
EndGlobal
